
Microsoft Visual Studio Solution File, Format Version 12.00
# Visual Studio 15
VisualStudioVersion = 15.0.27428.2002
MinimumVisualStudioVersion = 10.0.40219.1
Project("{8BC9CEB8-8B4A-11D0-8D11-00A0C91BC942}") = "moos_adventure", "moos_adventure\moos_adventure.vcxproj", "{9A51001A-2E97-44B7-B2FF-A3618FA4B037}"
EndProject
Global
	GlobalSection(SolutionConfigurationPlatforms) = preSolution
		Debug|x64 = Debug|x64
		Debug|x86 = Debug|x86
		Release|x64 = Release|x64
		Release|x86 = Release|x86
	EndGlobalSection
	GlobalSection(ProjectConfigurationPlatforms) = postSolution
		{9A51001A-2E97-44B7-B2FF-A3618FA4B037}.Debug|x64.ActiveCfg = Debug|x64
		{9A51001A-2E97-44B7-B2FF-A3618FA4B037}.Debug|x64.Build.0 = Debug|x64
		{9A51001A-2E97-44B7-B2FF-A3618FA4B037}.Debug|x86.ActiveCfg = Debug|Win32
		{9A51001A-2E97-44B7-B2FF-A3618FA4B037}.Debug|x86.Build.0 = Debug|Win32
		{9A51001A-2E97-44B7-B2FF-A3618FA4B037}.Release|x64.ActiveCfg = Release|x64
		{9A51001A-2E97-44B7-B2FF-A3618FA4B037}.Release|x64.Build.0 = Release|x64
		{9A51001A-2E97-44B7-B2FF-A3618FA4B037}.Release|x86.ActiveCfg = Release|Win32
		{9A51001A-2E97-44B7-B2FF-A3618FA4B037}.Release|x86.Build.0 = Release|Win32
	EndGlobalSection
	GlobalSection(SolutionProperties) = preSolution
		HideSolutionNode = FALSE
	EndGlobalSection
	GlobalSection(ExtensibilityGlobals) = postSolution
		SolutionGuid = {CC2B53F9-4D16-4867-851D-9466B3D8DA76}
	EndGlobalSection
EndGlobal
